// !$*UTF8*$!
{
	archiveVersion = 1;
	classes = {
	};
	objectVersion = 46;
	objects = {

/* Begin PBXBuildFile section */
		B11229B11DBC5D2300731453 /* AppDelegate.swift in Sources */ = {isa = PBXBuildFile; fileRef = B11229B01DBC5D2300731453 /* AppDelegate.swift */; };
		B11229B31DBC5D2300731453 /* ViewController.swift in Sources */ = {isa = PBXBuildFile; fileRef = B11229B21DBC5D2300731453 /* ViewController.swift */; };
		B11229B61DBC5D2300731453 /* Main.storyboard in Resources */ = {isa = PBXBuildFile; fileRef = B11229B41DBC5D2300731453 /* Main.storyboard */; };
		B11229B81DBC5D2300731453 /* Assets.xcassets in Resources */ = {isa = PBXBuildFile; fileRef = B11229B71DBC5D2300731453 /* Assets.xcassets */; };
		B11229BB1DBC5D2300731453 /* LaunchScreen.storyboard in Resources */ = {isa = PBXBuildFile; fileRef = B11229B91DBC5D2300731453 /* LaunchScreen.storyboard */; };
		B11229C61DBC5D2300731453 /* FoodTrackerTests.swift in Sources */ = {isa = PBXBuildFile; fileRef = B11229C51DBC5D2300731453 /* FoodTrackerTests.swift */; };
/* End PBXBuildFile section */

/* Begin PBXContainerItemProxy section */
		B11229C21DBC5D2300731453 /* PBXContainerItemProxy */ = {
			isa = PBXContainerItemProxy;
			containerPortal = B11229A51DBC5D2300731453 /* Project object */;
			proxyType = 1;
			remoteGlobalIDString = B11229AC1DBC5D2300731453;
			remoteInfo = FoodTracker;
		};
/* End PBXContainerItemProxy section */

/* Begin PBXFileReference section */
		B11229AD1DBC5D2300731453 /* FoodTracker.app */ = {isa = PBXFileReference; explicitFileType = wrapper.application; includeInIndex = 0; path = FoodTracker.app; sourceTree = BUILT_PRODUCTS_DIR; };
		B11229B01DBC5D2300731453 /* AppDelegate.swift */ = {isa = PBXFileReference; lastKnownFileType = sourcecode.swift; path = AppDelegate.swift; sourceTree = "<group>"; };
		B11229B21DBC5D2300731453 /* ViewController.swift */ = {isa = PBXFileReference; lastKnownFileType = sourcecode.swift; path = ViewController.swift; sourceTree = "<group>"; };
		B11229B51DBC5D2300731453 /* Base */ = {isa = PBXFileReference; lastKnownFileType = file.storyboard; name = Base; path = Base.lproj/Main.storyboard; sourceTree = "<group>"; };
		B11229B71DBC5D2300731453 /* Assets.xcassets */ = {isa = PBXFileReference; lastKnownFileType = folder.assetcatalog; path = Assets.xcassets; sourceTree = "<group>"; };
		B11229BA1DBC5D2300731453 /* Base */ = {isa = PBXFileReference; lastKnownFileType = file.storyboard; name = Base; path = Base.lproj/LaunchScreen.storyboard; sourceTree = "<group>"; };
		B11229BC1DBC5D2300731453 /* Info.plist */ = {isa = PBXFileReference; lastKnownFileType = text.plist.xml; path = Info.plist; sourceTree = "<group>"; };
		B11229C11DBC5D2300731453 /* FoodTrackerTests.xctest */ = {isa = PBXFileReference; explicitFileType = wrapper.cfbundle; includeInIndex = 0; path = FoodTrackerTests.xctest; sourceTree = BUILT_PRODUCTS_DIR; };
		B11229C51DBC5D2300731453 /* FoodTrackerTests.swift */ = {isa = PBXFileReference; lastKnownFileType = sourcecode.swift; path = FoodTrackerTests.swift; sourceTree = "<group>"; };
		B11229C71DBC5D2300731453 /* Info.plist */ = {isa = PBXFileReference; lastKnownFileType = text.plist.xml; path = Info.plist; sourceTree = "<group>"; };
/* End PBXFileReference section */

/* Begin PBXFrameworksBuildPhase section */
		B11229AA1DBC5D2300731453 /* Frameworks */ = {
			isa = PBXFrameworksBuildPhase;
			buildActionMask = 2147483647;
			files = (
			);
			runOnlyForDeploymentPostprocessing = 0;
		};
		B11229BE1DBC5D2300731453 /* Frameworks */ = {
			isa = PBXFrameworksBuildPhase;
			buildActionMask = 2147483647;
			files = (
			);
			runOnlyForDeploymentPostprocessing = 0;
		};
/* End PBXFrameworksBuildPhase section */

/* Begin PBXGroup section */
		B11229A41DBC5D2300731453 = {
			isa = PBXGroup;
			children = (
				B11229AF1DBC5D2300731453 /* FoodTracker */,
				B11229C41DBC5D2300731453 /* FoodTrackerTests */,
				B11229AE1DBC5D2300731453 /* Products */,
			);
			sourceTree = "<group>";
		};
		B11229AE1DBC5D2300731453 /* Products */ = {
			isa = PBXGroup;
			children = (
				B11229AD1DBC5D2300731453 /* FoodTracker.app */,
				B11229C11DBC5D2300731453 /* FoodTrackerTests.xctest */,
			);
			name = Products;
			sourceTree = "<group>";
		};
		B11229AF1DBC5D2300731453 /* FoodTracker */ = {
			isa = PBXGroup;
			children = (
				B11229B01DBC5D2300731453 /* AppDelegate.swift */,
				B11229B21DBC5D2300731453 /* ViewController.swift */,
				B11229B41DBC5D2300731453 /* Main.storyboard */,
				B11229B71DBC5D2300731453 /* Assets.xcassets */,
				B11229B91DBC5D2300731453 /* LaunchScreen.storyboard */,
				B11229BC1DBC5D2300731453 /* Info.plist */,
			);
			path = FoodTracker;
			sourceTree = "<group>";
		};
		B11229C41DBC5D2300731453 /* FoodTrackerTests */ = {
			isa = PBXGroup;
			children = (
				B11229C51DBC5D2300731453 /* FoodTrackerTests.swift */,
				B11229C71DBC5D2300731453 /* Info.plist */,
			);
			path = FoodTrackerTests;
			sourceTree = "<group>";
		};
/* End PBXGroup section */

/* Begin PBXNativeTarget section */
		B11229AC1DBC5D2300731453 /* FoodTracker */ = {
			isa = PBXNativeTarget;
			buildConfigurationList = B11229CA1DBC5D2300731453 /* Build configuration list for PBXNativeTarget "FoodTracker" */;
			buildPhases = (
				B11229A91DBC5D2300731453 /* Sources */,
				B11229AA1DBC5D2300731453 /* Frameworks */,
				B11229AB1DBC5D2300731453 /* Resources */,
			);
			buildRules = (
			);
			dependencies = (
			);
			name = FoodTracker;
			productName = FoodTracker;
			productReference = B11229AD1DBC5D2300731453 /* FoodTracker.app */;
			productType = "com.apple.product-type.application";
		};
		B11229C01DBC5D2300731453 /* FoodTrackerTests */ = {
			isa = PBXNativeTarget;
			buildConfigurationList = B11229CD1DBC5D2300731453 /* Build configuration list for PBXNativeTarget "FoodTrackerTests" */;
			buildPhases = (
				B11229BD1DBC5D2300731453 /* Sources */,
				B11229BE1DBC5D2300731453 /* Frameworks */,
				B11229BF1DBC5D2300731453 /* Resources */,
			);
			buildRules = (
			);
			dependencies = (
				B11229C31DBC5D2300731453 /* PBXTargetDependency */,
			);
			name = FoodTrackerTests;
			productName = FoodTrackerTests;
			productReference = B11229C11DBC5D2300731453 /* FoodTrackerTests.xctest */;
			productType = "com.apple.product-type.bundle.unit-test";
		};
/* End PBXNativeTarget section */

/* Begin PBXProject section */
		B11229A51DBC5D2300731453 /* Project object */ = {
			isa = PBXProject;
			attributes = {
				LastSwiftUpdateCheck = 0800;
				LastUpgradeCheck = 0800;
				ORGANIZATIONNAME = "Pratyush Oak";
				TargetAttributes = {
					B11229AC1DBC5D2300731453 = {
						CreatedOnToolsVersion = 8.0;
						ProvisioningStyle = Automatic;
					};
					B11229C01DBC5D2300731453 = {
						CreatedOnToolsVersion = 8.0;
						ProvisioningStyle = Automatic;
						TestTargetID = B11229AC1DBC5D2300731453;
					};
				};
			};
			buildConfigurationList = B11229A81DBC5D2300731453 /* Build configuration list for PBXProject "FoodTracker" */;
			compatibilityVersion = "Xcode 3.2";
			developmentRegion = English;
			hasScannedForEncodings = 0;
			knownRegions = (
				en,
				Base,
			);
			mainGroup = B11229A41DBC5D2300731453;
			productRefGroup = B11229AE1DBC5D2300731453 /* Products */;
			projectDirPath = "";
			projectRoot = "";
			targets = (
				B11229AC1DBC5D2300731453 /* FoodTracker */,
				B11229C01DBC5D2300731453 /* FoodTrackerTests */,
			);
		};
/* End PBXProject section */

/* Begin PBXResourcesBuildPhase section */
		B11229AB1DBC5D2300731453 /* Resources */ = {
			isa = PBXResourcesBuildPhase;
			buildActionMask = 2147483647;
			files = (
				B11229BB1DBC5D2300731453 /* LaunchScreen.storyboard in Resources */,
				B11229B81DBC5D2300731453 /* Assets.xcassets in Resources */,
				B11229B61DBC5D2300731453 /* Main.storyboard in Resources */,
			);
			runOnlyForDeploymentPostprocessing = 0;
		};
		B11229BF1DBC5D2300731453 /* Resources */ = {
			isa = PBXResourcesBuildPhase;
			buildActionMask = 2147483647;
			files = (
			);
			runOnlyForDeploymentPostprocessing = 0;
		};
/* End PBXResourcesBuildPhase section */

/* Begin PBXSourcesBuildPhase section */
		B11229A91DBC5D2300731453 /* Sources */ = {
			isa = PBXSourcesBuildPhase;
			buildActionMask = 2147483647;
			files = (
				B11229B31DBC5D2300731453 /* ViewController.swift in Sources */,
				B11229B11DBC5D2300731453 /* AppDelegate.swift in Sources */,
			);
			runOnlyForDeploymentPostprocessing = 0;
		};
		B11229BD1DBC5D2300731453 /* Sources */ = {
			isa = PBXSourcesBuildPhase;
			buildActionMask = 2147483647;
			files = (
				B11229C61DBC5D2300731453 /* FoodTrackerTests.swift in Sources */,
			);
			runOnlyForDeploymentPostprocessing = 0;
		};
/* End PBXSourcesBuildPhase section */

/* Begin PBXTargetDependency section */
		B11229C31DBC5D2300731453 /* PBXTargetDependency */ = {
			isa = PBXTargetDependency;
			target = B11229AC1DBC5D2300731453 /* FoodTracker */;
			targetProxy = B11229C21DBC5D2300731453 /* PBXContainerItemProxy */;
		};
/* End PBXTargetDependency section */

/* Begin PBXVariantGroup section */
		B11229B41DBC5D2300731453 /* Main.storyboard */ = {
			isa = PBXVariantGroup;
			children = (
				B11229B51DBC5D2300731453 /* Base */,
			);
			name = Main.storyboard;
			sourceTree = "<group>";
		};
		B11229B91DBC5D2300731453 /* LaunchScreen.storyboard */ = {
			isa = PBXVariantGroup;
			children = (
				B11229BA1DBC5D2300731453 /* Base */,
			);
			name = LaunchScreen.storyboard;
			sourceTree = "<group>";
		};
/* End PBXVariantGroup section */

/* Begin XCBuildConfiguration section */
		B11229C81DBC5D2300731453 /* Debug */ = {
			isa = XCBuildConfiguration;
			buildSettings = {
				ALWAYS_SEARCH_USER_PATHS = NO;
				CLANG_ANALYZER_NONNULL = YES;
				CLANG_CXX_LANGUAGE_STANDARD = "gnu++0x";
				CLANG_CXX_LIBRARY = "libc++";
				CLANG_ENABLE_MODULES = YES;
				CLANG_ENABLE_OBJC_ARC = YES;
				CLANG_WARN_BOOL_CONVERSION = YES;
				CLANG_WARN_CONSTANT_CONVERSION = YES;
				CLANG_WARN_DIRECT_OBJC_ISA_USAGE = YES_ERROR;
				CLANG_WARN_DOCUMENTATION_COMMENTS = YES;
				CLANG_WARN_EMPTY_BODY = YES;
				CLANG_WARN_ENUM_CONVERSION = YES;
				CLANG_WARN_INFINITE_RECURSION = YES;
				CLANG_WARN_INT_CONVERSION = YES;
				CLANG_WARN_OBJC_ROOT_CLASS = YES_ERROR;
				CLANG_WARN_SUSPICIOUS_MOVES = YES;
				CLANG_WARN_UNREACHABLE_CODE = YES;
				CLANG_WARN__DUPLICATE_METHOD_MATCH = YES;
				"CODE_SIGN_IDENTITY[sdk=iphoneos*]" = "iPhone Developer";
				COPY_PHASE_STRIP = NO;
				DEBUG_INFORMATION_FORMAT = dwarf;
				ENABLE_STRICT_OBJC_MSGSEND = YES;
				ENABLE_TESTABILITY = YES;
				GCC_C_LANGUAGE_STANDARD = gnu99;
				GCC_DYNAMIC_NO_PIC = NO;
				GCC_NO_COMMON_BLOCKS = YES;
				GCC_OPTIMIZATION_LEVEL = 0;
				GCC_PREPROCESSOR_DEFINITIONS = (
					"DEBUG=1",
					"$(inherited)",
				);
				GCC_WARN_64_TO_32_BIT_CONVERSION = YES;
				GCC_WARN_ABOUT_RETURN_TYPE = YES_ERROR;
				GCC_WARN_UNDECLARED_SELECTOR = YES;
				GCC_WARN_UNINITIALIZED_AUTOS = YES_AGGRESSIVE;
				GCC_WARN_UNUSED_FUNCTION = YES;
				GCC_WARN_UNUSED_VARIABLE = YES;
				IPHONEOS_DEPLOYMENT_TARGET = 10.0;
				MTL_ENABLE_DEBUG_INFO = YES;
				ONLY_ACTIVE_ARCH = YES;
				SDKROOT = iphoneos;
				SWIFT_ACTIVE_COMPILATION_CONDITIONS = DEBUG;
				SWIFT_OPTIMIZATION_LEVEL = "-Onone";
				TARGETED_DEVICE_FAMILY = "1,2";
			};
			name = Debug;
		};
		B11229C91DBC5D2300731453 /* Release */ = {
			isa = XCBuildConfiguration;
			buildSettings = {
				ALWAYS_SEARCH_USER_PATHS = NO;
				CLANG_ANALYZER_NONNULL = YES;
				CLANG_CXX_LANGUAGE_STANDARD = "gnu++0x";
				CLANG_CXX_LIBRARY = "libc++";
				CLANG_ENABLE_MODULES = YES;
				CLANG_ENABLE_OBJC_ARC = YES;
				CLANG_WARN_BOOL_CONVERSION = YES;
				CLANG_WARN_CONSTANT_CONVERSION = YES;
				CLANG_WARN_DIRECT_OBJC_ISA_USAGE = YES_ERROR;
				CLANG_WARN_DOCUMENTATION_COMMENTS = YES;
				CLANG_WARN_EMPTY_BODY = YES;
				CLANG_WARN_ENUM_CONVERSION = YES;
				CLANG_WARN_INFINITE_RECURSION = YES;
				CLANG_WARN_INT_CONVERSION = YES;
				CLANG_WARN_OBJC_ROOT_CLASS = YES_ERROR;
				CLANG_WARN_SUSPICIOUS_MOVES = YES;
				CLANG_WARN_UNREACHABLE_CODE = YES;
				CLANG_WARN__DUPLICATE_METHOD_MATCH = YES;
				"CODE_SIGN_IDENTITY[sdk=iphoneos*]" = "iPhone Developer";
				COPY_PHASE_STRIP = NO;
				DEBUG_INFORMATION_FORMAT = "dwarf-with-dsym";
				ENABLE_NS_ASSERTIONS = NO;
				ENABLE_STRICT_OBJC_MSGSEND = YES;
				GCC_C_LANGUAGE_STANDARD = gnu99;
				GCC_NO_COMMON_BLOCKS = YES;
				GCC_WARN_64_TO_32_BIT_CONVERSION = YES;
				GCC_WARN_ABOUT_RETURN_TYPE = YES_ERROR;
				GCC_WARN_UNDECLARED_SELECTOR = YES;
				GCC_WARN_UNINITIALIZED_AUTOS = YES_AGGRESSIVE;
				GCC_WARN_UNUSED_FUNCTION = YES;
				GCC_WARN_UNUSED_VARIABLE = YES;
				IPHONEOS_DEPLOYMENT_TARGET = 10.0;
				MTL_ENABLE_DEBUG_INFO = NO;
				SDKROOT = iphoneos;
				SWIFT_OPTIMIZATION_LEVEL = "-Owholemodule";
				TARGETED_DEVICE_FAMILY = "1,2";
				VALIDATE_PRODUCT = YES;
			};
			name = Release;
		};
		B11229CB1DBC5D2300731453 /* Debug */ = {
			isa = XCBuildConfiguration;
			buildSettings = {
				ASSETCATALOG_COMPILER_APPICON_NAME = AppIcon;
				INFOPLIST_FILE = FoodTracker/Info.plist;
				LD_RUNPATH_SEARCH_PATHS = "$(inherited) @executable_path/Frameworks";
				PRODUCT_BUNDLE_IDENTIFIER = com.apps.oak.FoodTracker;
				PRODUCT_NAME = "$(TARGET_NAME)";
				SWIFT_VERSION = 3.0;
			};
			name = Debug;
		};
		B11229CC1DBC5D2300731453 /* Release */ = {
			isa = XCBuildConfiguration;
			buildSettings = {
				ASSETCATALOG_COMPILER_APPICON_NAME = AppIcon;
				INFOPLIST_FILE = FoodTracker/Info.plist;
				LD_RUNPATH_SEARCH_PATHS = "$(inherited) @executable_path/Frameworks";
				PRODUCT_BUNDLE_IDENTIFIER = com.apps.oak.FoodTracker;
				PRODUCT_NAME = "$(TARGET_NAME)";
				SWIFT_VERSION = 3.0;
			};
			name = Release;
		};
		B11229CE1DBC5D2300731453 /* Debug */ = {
			isa = XCBuildConfiguration;
			buildSettings = {
				ALWAYS_EMBED_SWIFT_STANDARD_LIBRARIES = YES;
				BUNDLE_LOADER = "$(TEST_HOST)";
				INFOPLIST_FILE = FoodTrackerTests/Info.plist;
				LD_RUNPATH_SEARCH_PATHS = "$(inherited) @executable_path/Frameworks @loader_path/Frameworks";
				PRODUCT_BUNDLE_IDENTIFIER = com.apps.oak.FoodTrackerTests;
				PRODUCT_NAME = "$(TARGET_NAME)";
				SWIFT_VERSION = 3.0;
				TEST_HOST = "$(BUILT_PRODUCTS_DIR)/FoodTracker.app/FoodTracker";
			};
			name = Debug;
		};
		B11229CF1DBC5D2300731453 /* Release */ = {
			isa = XCBuildConfiguration;
			buildSettings = {
				ALWAYS_EMBED_SWIFT_STANDARD_LIBRARIES = YES;
				BUNDLE_LOADER = "$(TEST_HOST)";
				INFOPLIST_FILE = FoodTrackerTests/Info.plist;
				LD_RUNPATH_SEARCH_PATHS = "$(inherited) @executable_path/Frameworks @loader_path/Frameworks";
				PRODUCT_BUNDLE_IDENTIFIER = com.apps.oak.FoodTrackerTests;
				PRODUCT_NAME = "$(TARGET_NAME)";
				SWIFT_VERSION = 3.0;
				TEST_HOST = "$(BUILT_PRODUCTS_DIR)/FoodTracker.app/FoodTracker";
			};
			name = Release;
		};
/* End XCBuildConfiguration section */

/* Begin XCConfigurationList section */
		B11229A81DBC5D2300731453 /* Build configuration list for PBXProject "FoodTracker" */ = {
			isa = XCConfigurationList;
			buildConfigurations = (
				B11229C81DBC5D2300731453 /* Debug */,
				B11229C91DBC5D2300731453 /* Release */,
			);
			defaultConfigurationIsVisible = 0;
			defaultConfigurationName = Release;
		};
		B11229CA1DBC5D2300731453 /* Build configuration list for PBXNativeTarget "FoodTracker" */ = {
			isa = XCConfigurationList;
			buildConfigurations = (
				B11229CB1DBC5D2300731453 /* Debug */,
				B11229CC1DBC5D2300731453 /* Release */,
			);
			defaultConfigurationIsVisible = 0;
		};
		B11229CD1DBC5D2300731453 /* Build configuration list for PBXNativeTarget "FoodTrackerTests" */ = {
			isa = XCConfigurationList;
			buildConfigurations = (
				B11229CE1DBC5D2300731453 /* Debug */,
				B11229CF1DBC5D2300731453 /* Release */,
			);
			defaultConfigurationIsVisible = 0;
		};
/* End XCConfigurationList section */
	};
	rootObject = B11229A51DBC5D2300731453 /* Project object */;
}
